{
  "name": "tree-sitter-dhall",
  "version": "0.0.1",
  "lockfileVersion": 2,
  "requires": true,
  "packages": {
    "": {
      "name": "tree-sitter-dhall",
      "version": "0.0.1",
      "license": "GPL-3.0-or-later",
      "dependencies": {
        "nan": "^2.15.0"
      }
    },
    "node_modules/nan": {
      "version": "2.15.0",
      "license": "MIT"
    }
  },
  "dependencies": {
    "nan": {
      "version": "2.15.0"
    }
  }
}
